
Microsoft Visual Studio Solution File, Format Version 11.00
# Visual Studio 2010
Project("{FAE04EC0-301F-11D3-BF4B-00C04F79EFBC}") = "ExampleClientDll", "ExampleClientDll\ExampleClientDll.csproj", "{C2C2B0A5-AA42-4E33-95DD-27D5402BDCB0}"
EndProject
Project("{FAE04EC0-301F-11D3-BF4B-00C04F79EFBC}") = "ExampleServerDll", "ExampleServerDll\ExampleServerDll.csproj", "{C3BB4090-BEC3-4373-A82E-71E57AEDE816}"
EndProject
Project("{FAE04EC0-301F-11D3-BF4B-00C04F79EFBC}") = "DistributedServerInterfaces", "..\DistributedInterfaces\DistributedServerInterfaces\DistributedServerInterfaces.csproj", "{D237E40E-4CCC-48B3-BEBD-5C01E26827DC}"
EndProject
Project("{FAE04EC0-301F-11D3-BF4B-00C04F79EFBC}") = "DistributedClientInterfaces", "..\DistributedInterfaces\DistributedClientInterfaces\DistributedClientInterfaces.csproj", "{92B489FA-6DF6-43B4-9C8D-F4979ECE0179}"
EndProject
Project("{FAE04EC0-301F-11D3-BF4B-00C04F79EFBC}") = "DistributedSharedInterfaces", "..\DistributedInterfaces\DistributedSharedInterfaces\DistributedSharedInterfaces.csproj", "{5AAB8AAE-733E-4A7B-925A-C0346F25FAF9}"
EndProject
Global
	GlobalSection(SolutionConfigurationPlatforms) = preSolution
		Debug|Any CPU = Debug|Any CPU
		Release|Any CPU = Release|Any CPU
	EndGlobalSection
	GlobalSection(ProjectConfigurationPlatforms) = postSolution
		{C2C2B0A5-AA42-4E33-95DD-27D5402BDCB0}.Debug|Any CPU.ActiveCfg = Debug|Any CPU
		{C2C2B0A5-AA42-4E33-95DD-27D5402BDCB0}.Debug|Any CPU.Build.0 = Debug|Any CPU
		{C2C2B0A5-AA42-4E33-95DD-27D5402BDCB0}.Release|Any CPU.ActiveCfg = Release|Any CPU
		{C2C2B0A5-AA42-4E33-95DD-27D5402BDCB0}.Release|Any CPU.Build.0 = Release|Any CPU
		{C3BB4090-BEC3-4373-A82E-71E57AEDE816}.Debug|Any CPU.ActiveCfg = Debug|Any CPU
		{C3BB4090-BEC3-4373-A82E-71E57AEDE816}.Debug|Any CPU.Build.0 = Debug|Any CPU
		{C3BB4090-BEC3-4373-A82E-71E57AEDE816}.Release|Any CPU.ActiveCfg = Release|Any CPU
		{C3BB4090-BEC3-4373-A82E-71E57AEDE816}.Release|Any CPU.Build.0 = Release|Any CPU
		{D237E40E-4CCC-48B3-BEBD-5C01E26827DC}.Debug|Any CPU.ActiveCfg = Debug|Any CPU
		{D237E40E-4CCC-48B3-BEBD-5C01E26827DC}.Debug|Any CPU.Build.0 = Debug|Any CPU
		{D237E40E-4CCC-48B3-BEBD-5C01E26827DC}.Release|Any CPU.ActiveCfg = Release|Any CPU
		{D237E40E-4CCC-48B3-BEBD-5C01E26827DC}.Release|Any CPU.Build.0 = Release|Any CPU
		{92B489FA-6DF6-43B4-9C8D-F4979ECE0179}.Debug|Any CPU.ActiveCfg = Debug|Any CPU
		{92B489FA-6DF6-43B4-9C8D-F4979ECE0179}.Debug|Any CPU.Build.0 = Debug|Any CPU
		{92B489FA-6DF6-43B4-9C8D-F4979ECE0179}.Release|Any CPU.ActiveCfg = Release|Any CPU
		{92B489FA-6DF6-43B4-9C8D-F4979ECE0179}.Release|Any CPU.Build.0 = Release|Any CPU
		{5AAB8AAE-733E-4A7B-925A-C0346F25FAF9}.Debug|Any CPU.ActiveCfg = Debug|Any CPU
		{5AAB8AAE-733E-4A7B-925A-C0346F25FAF9}.Debug|Any CPU.Build.0 = Debug|Any CPU
		{5AAB8AAE-733E-4A7B-925A-C0346F25FAF9}.Release|Any CPU.ActiveCfg = Release|Any CPU
		{5AAB8AAE-733E-4A7B-925A-C0346F25FAF9}.Release|Any CPU.Build.0 = Release|Any CPU
	EndGlobalSection
	GlobalSection(SolutionProperties) = preSolution
		HideSolutionNode = FALSE
	EndGlobalSection
EndGlobal
